
Microsoft Visual Studio Solution File, Format Version 12.00
# Visual Studio Version 16
VisualStudioVersion = 16.0.31005.135
MinimumVisualStudioVersion = 10.0.40219.1
Project("{FAE04EC0-301F-11D3-BF4B-00C04F79EFBC}") = "BookClub_konzol", "BookClub_konzol\BookClub_konzol.csproj", "{C10613F3-2008-4F89-9D1F-F42C1F138FFD}"
EndProject
Global
	GlobalSection(SolutionConfigurationPlatforms) = preSolution
		Debug|Any CPU = Debug|Any CPU
		Release|Any CPU = Release|Any CPU
	EndGlobalSection
	GlobalSection(ProjectConfigurationPlatforms) = postSolution
		{C10613F3-2008-4F89-9D1F-F42C1F138FFD}.Debug|Any CPU.ActiveCfg = Debug|Any CPU
		{C10613F3-2008-4F89-9D1F-F42C1F138FFD}.Debug|Any CPU.Build.0 = Debug|Any CPU
		{C10613F3-2008-4F89-9D1F-F42C1F138FFD}.Release|Any CPU.ActiveCfg = Release|Any CPU
		{C10613F3-2008-4F89-9D1F-F42C1F138FFD}.Release|Any CPU.Build.0 = Release|Any CPU
	EndGlobalSection
	GlobalSection(SolutionProperties) = preSolution
		HideSolutionNode = FALSE
	EndGlobalSection
	GlobalSection(ExtensibilityGlobals) = postSolution
		SolutionGuid = {F93FA0E7-96B6-4A3A-8A92-00FD8E9CB4B2}
	EndGlobalSection
EndGlobal
